
Microsoft Visual Studio Solution File, Format Version 12.00
# Visual Studio Version 16
VisualStudioVersion = 16.0.30114.105
MinimumVisualStudioVersion = 10.0.40219.1
Project("{FAE04EC0-301F-11D3-BF4B-00C04F79EFBC}") = "CSS-Prueba", "CSS-Prueba\CSS-Prueba.csproj", "{FCAA21FE-4BEF-46F5-9035-53C9B2CD42E3}"
EndProject
Global
	GlobalSection(SolutionConfigurationPlatforms) = preSolution
		Debug|Any CPU = Debug|Any CPU
		Release|Any CPU = Release|Any CPU
	EndGlobalSection
	GlobalSection(ProjectConfigurationPlatforms) = postSolution
		{FCAA21FE-4BEF-46F5-9035-53C9B2CD42E3}.Debug|Any CPU.ActiveCfg = Debug|Any CPU
		{FCAA21FE-4BEF-46F5-9035-53C9B2CD42E3}.Debug|Any CPU.Build.0 = Debug|Any CPU
		{FCAA21FE-4BEF-46F5-9035-53C9B2CD42E3}.Release|Any CPU.ActiveCfg = Release|Any CPU
		{FCAA21FE-4BEF-46F5-9035-53C9B2CD42E3}.Release|Any CPU.Build.0 = Release|Any CPU
	EndGlobalSection
	GlobalSection(SolutionProperties) = preSolution
		HideSolutionNode = FALSE
	EndGlobalSection
	GlobalSection(ExtensibilityGlobals) = postSolution
		SolutionGuid = {D36B10BD-9ECB-4824-B7BF-6546DCB653B2}
	EndGlobalSection
EndGlobal
